
Microsoft Visual Studio Solution File, Format Version 11.00
# Visual Studio 2010
Project("{FAE04EC0-301F-11D3-BF4B-00C04F79EFBC}") = "openURL", "Assembly-CSharp.csproj", "{119FBC58-34E3-FF17-7923-4D5E6B164AA3}"
EndProject
Project("{FAE04EC0-301F-11D3-BF4B-00C04F79EFBC}") = "openURL", "Assembly-CSharp-Editor.csproj", "{91FF6737-EF24-BF8F-6B45-96F81954688A}"
EndProject
Global
	GlobalSection(SolutionConfigurationPlatforms) = preSolution
		Debug|Any CPU = Debug|Any CPU
		Release|Any CPU = Release|Any CPU
	EndGlobalSection
	GlobalSection(ProjectConfigurationPlatforms) = postSolution
		{119FBC58-34E3-FF17-7923-4D5E6B164AA3}.Debug|Any CPU.ActiveCfg = Debug|Any CPU
		{119FBC58-34E3-FF17-7923-4D5E6B164AA3}.Debug|Any CPU.Build.0 = Debug|Any CPU
		{119FBC58-34E3-FF17-7923-4D5E6B164AA3}.Release|Any CPU.ActiveCfg = Release|Any CPU
		{119FBC58-34E3-FF17-7923-4D5E6B164AA3}.Release|Any CPU.Build.0 = Release|Any CPU
		{91FF6737-EF24-BF8F-6B45-96F81954688A}.Debug|Any CPU.ActiveCfg = Debug|Any CPU
		{91FF6737-EF24-BF8F-6B45-96F81954688A}.Debug|Any CPU.Build.0 = Debug|Any CPU
		{91FF6737-EF24-BF8F-6B45-96F81954688A}.Release|Any CPU.ActiveCfg = Release|Any CPU
		{91FF6737-EF24-BF8F-6B45-96F81954688A}.Release|Any CPU.Build.0 = Release|Any CPU
	EndGlobalSection
	GlobalSection(SolutionProperties) = preSolution
		HideSolutionNode = FALSE
	EndGlobalSection
	GlobalSection(MonoDevelopProperties) = preSolution
		StartupItem = Assembly-CSharp.csproj
	EndGlobalSection
EndGlobal
