
Microsoft Visual Studio Solution File, Format Version 12.00
# Visual Studio 2015
Project("{FAE04EC0-301F-11D3-BF4B-00C04F79EFBC}") = "HoloLens-Gaze-Airtap", "HoloLens-Gaze-Airtap.csproj", "{476F7292-BB51-DF9A-F4C1-B5DCEEDACE6C}"
EndProject
Project("{FAE04EC0-301F-11D3-BF4B-00C04F79EFBC}") = "HoloLens-Gaze-Airtap.Editor", "HoloLens-Gaze-Airtap.Editor.csproj", "{61567556-D772-CE3D-D2AE-7951141C4F6C}"
EndProject
Global
	GlobalSection(SolutionConfigurationPlatforms) = preSolution
		Debug|Any CPU = Debug|Any CPU
		Release|Any CPU = Release|Any CPU
	EndGlobalSection
	GlobalSection(ProjectConfigurationPlatforms) = postSolution
		{476F7292-BB51-DF9A-F4C1-B5DCEEDACE6C}.Debug|Any CPU.ActiveCfg = Debug|Any CPU
		{476F7292-BB51-DF9A-F4C1-B5DCEEDACE6C}.Debug|Any CPU.Build.0 = Debug|Any CPU
		{476F7292-BB51-DF9A-F4C1-B5DCEEDACE6C}.Release|Any CPU.ActiveCfg = Release|Any CPU
		{476F7292-BB51-DF9A-F4C1-B5DCEEDACE6C}.Release|Any CPU.Build.0 = Release|Any CPU
		{61567556-D772-CE3D-D2AE-7951141C4F6C}.Debug|Any CPU.ActiveCfg = Debug|Any CPU
		{61567556-D772-CE3D-D2AE-7951141C4F6C}.Debug|Any CPU.Build.0 = Debug|Any CPU
		{61567556-D772-CE3D-D2AE-7951141C4F6C}.Release|Any CPU.ActiveCfg = Release|Any CPU
		{61567556-D772-CE3D-D2AE-7951141C4F6C}.Release|Any CPU.Build.0 = Release|Any CPU
	EndGlobalSection
	GlobalSection(SolutionProperties) = preSolution
		HideSolutionNode = FALSE
	EndGlobalSection
EndGlobal
